
Microsoft Visual Studio Solution File, Format Version 12.00
# Visual Studio Version 17
VisualStudioVersion = 17.3.32811.315
MinimumVisualStudioVersion = 10.0.40219.1
Project("{FAE04EC0-301F-11D3-BF4B-00C04F79EFBC}") = "SistemaFuncionarios.API", "SistemaFuncionarios.API\SistemaFuncionarios.API.csproj", "{81CEF3D1-14EC-4EF7-AA9D-BA060EAA30A7}"
EndProject
Project("{2150E333-8FDC-42A3-9474-1A3956D46DE8}") = "1 - Camada de Serviços", "1 - Camada de Serviços", "{D4FBFC50-BEEE-44F7-A468-7FC6C13DB681}"
EndProject
Project("{2150E333-8FDC-42A3-9474-1A3956D46DE8}") = "2 - Camada de Acesso a Dados", "2 - Camada de Acesso a Dados", "{C0F8CD42-2F40-4A6F-9337-2A2A4AB993BF}"
EndProject
Project("{FAE04EC0-301F-11D3-BF4B-00C04F79EFBC}") = "SistemaFuncionarios.Data", "SistemaFuncionarios.Data\SistemaFuncionarios.Data.csproj", "{EE6C4852-ECBF-4542-9E10-299DF1B38A0A}"
EndProject
Global
	GlobalSection(SolutionConfigurationPlatforms) = preSolution
		Debug|Any CPU = Debug|Any CPU
		Release|Any CPU = Release|Any CPU
	EndGlobalSection
	GlobalSection(ProjectConfigurationPlatforms) = postSolution
		{81CEF3D1-14EC-4EF7-AA9D-BA060EAA30A7}.Debug|Any CPU.ActiveCfg = Debug|Any CPU
		{81CEF3D1-14EC-4EF7-AA9D-BA060EAA30A7}.Debug|Any CPU.Build.0 = Debug|Any CPU
		{81CEF3D1-14EC-4EF7-AA9D-BA060EAA30A7}.Release|Any CPU.ActiveCfg = Release|Any CPU
		{81CEF3D1-14EC-4EF7-AA9D-BA060EAA30A7}.Release|Any CPU.Build.0 = Release|Any CPU
		{EE6C4852-ECBF-4542-9E10-299DF1B38A0A}.Debug|Any CPU.ActiveCfg = Debug|Any CPU
		{EE6C4852-ECBF-4542-9E10-299DF1B38A0A}.Debug|Any CPU.Build.0 = Debug|Any CPU
		{EE6C4852-ECBF-4542-9E10-299DF1B38A0A}.Release|Any CPU.ActiveCfg = Release|Any CPU
		{EE6C4852-ECBF-4542-9E10-299DF1B38A0A}.Release|Any CPU.Build.0 = Release|Any CPU
	EndGlobalSection
	GlobalSection(SolutionProperties) = preSolution
		HideSolutionNode = FALSE
	EndGlobalSection
	GlobalSection(NestedProjects) = preSolution
		{81CEF3D1-14EC-4EF7-AA9D-BA060EAA30A7} = {D4FBFC50-BEEE-44F7-A468-7FC6C13DB681}
		{EE6C4852-ECBF-4542-9E10-299DF1B38A0A} = {C0F8CD42-2F40-4A6F-9337-2A2A4AB993BF}
	EndGlobalSection
	GlobalSection(ExtensibilityGlobals) = postSolution
		SolutionGuid = {A4154F8C-CA6C-4AF7-AF77-7E07FBE4ADE6}
	EndGlobalSection
EndGlobal
